// !$*UTF8*$!
{
	archiveVersion = 1;
	classes = {
	};
	objectVersion = 51;
	objects = {

/* Begin PBXBuildFile section */
		8A69158B2461F10200616595 /* AppDelegate.swift in Sources */ = {isa = PBXBuildFile; fileRef = 8A69158A2461F10200616595 /* AppDelegate.swift */; };
		8A69158D2461F10200616595 /* SceneDelegate.swift in Sources */ = {isa = PBXBuildFile; fileRef = 8A69158C2461F10200616595 /* SceneDelegate.swift */; };
		8A6915922461F10200616595 /* Main.storyboard in Resources */ = {isa = PBXBuildFile; fileRef = 8A6915902461F10200616595 /* Main.storyboard */; };
		8A6915942461F10400616595 /* Assets.xcassets in Resources */ = {isa = PBXBuildFile; fileRef = 8A6915932461F10400616595 /* Assets.xcassets */; };
		8A6915972461F10400616595 /* LaunchScreen.storyboard in Resources */ = {isa = PBXBuildFile; fileRef = 8A6915952461F10400616595 /* LaunchScreen.storyboard */; };
		8A69159F2461F19C00616595 /* GoogleService-Info.plist in Resources */ = {isa = PBXBuildFile; fileRef = 8A69159E2461F19C00616595 /* GoogleService-Info.plist */; };
		8A9DDDB7247E9EA300745539 /* DBCommunication.swift in Sources */ = {isa = PBXBuildFile; fileRef = 8A9DDDB6247E9EA300745539 /* DBCommunication.swift */; };
		8A9DDDDC247FF95E00745539 /* loading.json in Resources */ = {isa = PBXBuildFile; fileRef = 8A9DDDDB247FF95D00745539 /* loading.json */; };
		8A9DDDE424825EDA00745539 /* DiscussionCell.swift in Sources */ = {isa = PBXBuildFile; fileRef = 8A9DDDE324825EDA00745539 /* DiscussionCell.swift */; };
		8AA618B1247D7FAC0062CC93 /* LogScreenViewController.swift in Sources */ = {isa = PBXBuildFile; fileRef = 8AA618B0247D7FAC0062CC93 /* LogScreenViewController.swift */; };
		8AA618B4247D7FD90062CC93 /* LogView.swift in Sources */ = {isa = PBXBuildFile; fileRef = 8AA618B3247D7FD90062CC93 /* LogView.swift */; };
		8AA618B6247D80050062CC93 /* MRBTextField.swift in Sources */ = {isa = PBXBuildFile; fileRef = 8AA618B5247D80050062CC93 /* MRBTextField.swift */; };
		8AA618BB247D804C0062CC93 /* ScreenButton.swift in Sources */ = {isa = PBXBuildFile; fileRef = 8AA618BA247D804C0062CC93 /* ScreenButton.swift */; };
		8AA618C0247D80CE0062CC93 /* UIStackViewExt.swift in Sources */ = {isa = PBXBuildFile; fileRef = 8AA618BF247D80CE0062CC93 /* UIStackViewExt.swift */; };
		8AA618C2247D80E30062CC93 /* CheckButton.swift in Sources */ = {isa = PBXBuildFile; fileRef = 8AA618C1247D80E30062CC93 /* CheckButton.swift */; };
		8AA618C4247D80FD0062CC93 /* AppTitleLabel.swift in Sources */ = {isa = PBXBuildFile; fileRef = 8AA618C3247D80FD0062CC93 /* AppTitleLabel.swift */; };
		8AA618C6247D81140062CC93 /* TopCurveView.swift in Sources */ = {isa = PBXBuildFile; fileRef = 8AA618C5247D81140062CC93 /* TopCurveView.swift */; };
		8AA618C8247D812F0062CC93 /* BottomCurveView.swift in Sources */ = {isa = PBXBuildFile; fileRef = 8AA618C7247D812F0062CC93 /* BottomCurveView.swift */; };
		8AA618CF247D81900062CC93 /* SF-Pro-Rounded-Semibold.otf in Resources */ = {isa = PBXBuildFile; fileRef = 8AA618CE247D81900062CC93 /* SF-Pro-Rounded-Semibold.otf */; };
		8AA618D3247D83950062CC93 /* SF-Pro-Rounded-Medium.otf in Resources */ = {isa = PBXBuildFile; fileRef = 8AA618D2247D83950062CC93 /* SF-Pro-Rounded-Medium.otf */; };
		8AAB8EB22469865A006C8244 /* DiscussionViewController.swift in Sources */ = {isa = PBXBuildFile; fileRef = 8AAB8EB12469865A006C8244 /* DiscussionViewController.swift */; };
		8AAB8EBB246993E1006C8244 /* Constant.swift in Sources */ = {isa = PBXBuildFile; fileRef = 8AAB8EBA246993E1006C8244 /* Constant.swift */; };
		8AAB8EBD24699794006C8244 /* MessageViewController.swift in Sources */ = {isa = PBXBuildFile; fileRef = 8AAB8EBC24699794006C8244 /* MessageViewController.swift */; };
		8AAB8EC12469B6CF006C8244 /* MessageCell.swift in Sources */ = {isa = PBXBuildFile; fileRef = 8AAB8EC02469B6CF006C8244 /* MessageCell.swift */; };
		8AAB8EC4246A7DD5006C8244 /* Message.swift in Sources */ = {isa = PBXBuildFile; fileRef = 8AAB8EC3246A7DD5006C8244 /* Message.swift */; };
		8AAB8EC6246AD0F8006C8244 /* CreateDiscussionViewController.swift in Sources */ = {isa = PBXBuildFile; fileRef = 8AAB8EC5246AD0F8006C8244 /* CreateDiscussionViewController.swift */; };
		8AAB8ECA246B2A93006C8244 /* Discussion.swift in Sources */ = {isa = PBXBuildFile; fileRef = 8AAB8EC9246B2A93006C8244 /* Discussion.swift */; };
		8AABA0C824897ED6005B434B /* AuthMethod.swift in Sources */ = {isa = PBXBuildFile; fileRef = 8AABA0C724897ED6005B434B /* AuthMethod.swift */; };
		8AABA0CA24898017005B434B /* LogState.swift in Sources */ = {isa = PBXBuildFile; fileRef = 8AABA0C924898017005B434B /* LogState.swift */; };
		8AABA0CC2489805F005B434B /* LogManager.swift in Sources */ = {isa = PBXBuildFile; fileRef = 8AABA0CB2489805F005B434B /* LogManager.swift */; };
		8AABA0CE248A723F005B434B /* DBState.swift in Sources */ = {isa = PBXBuildFile; fileRef = 8AABA0CD248A723F005B434B /* DBState.swift */; };
		8AABA0D0248AA2DF005B434B /* UserManager.swift in Sources */ = {isa = PBXBuildFile; fileRef = 8AABA0CF248AA2DF005B434B /* UserManager.swift */; };
		8AABA0D3248BC9BF005B434B /* LogoutManager.swift in Sources */ = {isa = PBXBuildFile; fileRef = 8AABA0D2248BC9BF005B434B /* LogoutManager.swift */; };
		8AABA0D5248BCAB2005B434B /* DataManager.swift in Sources */ = {isa = PBXBuildFile; fileRef = 8AABA0D4248BCAB2005B434B /* DataManager.swift */; };
		8AABA0D8248BDDB6005B434B /* UserServices.swift in Sources */ = {isa = PBXBuildFile; fileRef = 8AABA0D7248BDDB6005B434B /* UserServices.swift */; };
		8AABA0DA248C0054005B434B /* MRBUser.swift in Sources */ = {isa = PBXBuildFile; fileRef = 8AABA0D9248C0054005B434B /* MRBUser.swift */; };
		8AABA0DD248C0409005B434B /* UserCell.swift in Sources */ = {isa = PBXBuildFile; fileRef = 8AABA0DB248C0409005B434B /* UserCell.swift */; };
		8AABA0E5248D500E005B434B /* UserCollectionViewCell.swift in Sources */ = {isa = PBXBuildFile; fileRef = 8AABA0E3248D500E005B434B /* UserCollectionViewCell.swift */; };
		8AE6DE13248FE54D00C89654 /* UserList.swift in Sources */ = {isa = PBXBuildFile; fileRef = 8AE6DE12248FE54D00C89654 /* UserList.swift */; };
		8AE6DE1624910E7600C89654 /* DiscussionServices.swift in Sources */ = {isa = PBXBuildFile; fileRef = 8AE6DE1524910E7600C89654 /* DiscussionServices.swift */; };
		8AE6DE3F2492632C00C89654 /* MessageManager.swift in Sources */ = {isa = PBXBuildFile; fileRef = 8AE6DE3E2492632C00C89654 /* MessageManager.swift */; };
		935C07C8A12FBA38E05F1734 /* Pods_iMessage.framework in Frameworks */ = {isa = PBXBuildFile; fileRef = E635801D04A6FFCE673A7FAA /* Pods_iMessage.framework */; };
/* End PBXBuildFile section */

/* Begin PBXFileReference section */
		54683D6573A19763D4376029 /* Pods-iMessage.release.xcconfig */ = {isa = PBXFileReference; includeInIndex = 1; lastKnownFileType = text.xcconfig; name = "Pods-iMessage.release.xcconfig"; path = "Target Support Files/Pods-iMessage/Pods-iMessage.release.xcconfig"; sourceTree = "<group>"; };
		8A6915872461F10200616595 /* iMessage.app */ = {isa = PBXFileReference; explicitFileType = wrapper.application; includeInIndex = 0; path = iMessage.app; sourceTree = BUILT_PRODUCTS_DIR; };
		8A69158A2461F10200616595 /* AppDelegate.swift */ = {isa = PBXFileReference; lastKnownFileType = sourcecode.swift; path = AppDelegate.swift; sourceTree = "<group>"; };
		8A69158C2461F10200616595 /* SceneDelegate.swift */ = {isa = PBXFileReference; lastKnownFileType = sourcecode.swift; path = SceneDelegate.swift; sourceTree = "<group>"; };
		8A6915912461F10200616595 /* Base */ = {isa = PBXFileReference; lastKnownFileType = file.storyboard; name = Base; path = Base.lproj/Main.storyboard; sourceTree = "<group>"; };
		8A6915932461F10400616595 /* Assets.xcassets */ = {isa = PBXFileReference; lastKnownFileType = folder.assetcatalog; path = Assets.xcassets; sourceTree = "<group>"; };
		8A6915962461F10400616595 /* Base */ = {isa = PBXFileReference; lastKnownFileType = file.storyboard; name = Base; path = Base.lproj/LaunchScreen.storyboard; sourceTree = "<group>"; };
		8A6915982461F10400616595 /* Info.plist */ = {isa = PBXFileReference; lastKnownFileType = text.plist.xml; path = Info.plist; sourceTree = "<group>"; };
		8A69159E2461F19C00616595 /* GoogleService-Info.plist */ = {isa = PBXFileReference; fileEncoding = 4; lastKnownFileType = text.plist.xml; path = "GoogleService-Info.plist"; sourceTree = "<group>"; };
		8A9DDDB6247E9EA300745539 /* DBCommunication.swift */ = {isa = PBXFileReference; lastKnownFileType = sourcecode.swift; path = DBCommunication.swift; sourceTree = "<group>"; };
		8A9DDDDB247FF95D00745539 /* loading.json */ = {isa = PBXFileReference; fileEncoding = 4; lastKnownFileType = text.json; path = loading.json; sourceTree = "<group>"; };
		8A9DDDE324825EDA00745539 /* DiscussionCell.swift */ = {isa = PBXFileReference; lastKnownFileType = sourcecode.swift; path = DiscussionCell.swift; sourceTree = "<group>"; };
		8AA618B0247D7FAC0062CC93 /* LogScreenViewController.swift */ = {isa = PBXFileReference; lastKnownFileType = sourcecode.swift; path = LogScreenViewController.swift; sourceTree = "<group>"; };
		8AA618B3247D7FD90062CC93 /* LogView.swift */ = {isa = PBXFileReference; lastKnownFileType = sourcecode.swift; path = LogView.swift; sourceTree = "<group>"; };
		8AA618B5247D80050062CC93 /* MRBTextField.swift */ = {isa = PBXFileReference; lastKnownFileType = sourcecode.swift; path = MRBTextField.swift; sourceTree = "<group>"; };
		8AA618BA247D804C0062CC93 /* ScreenButton.swift */ = {isa = PBXFileReference; lastKnownFileType = sourcecode.swift; path = ScreenButton.swift; sourceTree = "<group>"; };
		8AA618BF247D80CE0062CC93 /* UIStackViewExt.swift */ = {isa = PBXFileReference; lastKnownFileType = sourcecode.swift; path = UIStackViewExt.swift; sourceTree = "<group>"; };
		8AA618C1247D80E30062CC93 /* CheckButton.swift */ = {isa = PBXFileReference; lastKnownFileType = sourcecode.swift; path = CheckButton.swift; sourceTree = "<group>"; };
		8AA618C3247D80FD0062CC93 /* AppTitleLabel.swift */ = {isa = PBXFileReference; lastKnownFileType = sourcecode.swift; path = AppTitleLabel.swift; sourceTree = "<group>"; };
		8AA618C5247D81140062CC93 /* TopCurveView.swift */ = {isa = PBXFileReference; lastKnownFileType = sourcecode.swift; path = TopCurveView.swift; sourceTree = "<group>"; };
		8AA618C7247D812F0062CC93 /* BottomCurveView.swift */ = {isa = PBXFileReference; lastKnownFileType = sourcecode.swift; path = BottomCurveView.swift; sourceTree = "<group>"; };
		8AA618CE247D81900062CC93 /* SF-Pro-Rounded-Semibold.otf */ = {isa = PBXFileReference; lastKnownFileType = file; path = "SF-Pro-Rounded-Semibold.otf"; sourceTree = "<group>"; };
		8AA618D2247D83950062CC93 /* SF-Pro-Rounded-Medium.otf */ = {isa = PBXFileReference; lastKnownFileType = file; path = "SF-Pro-Rounded-Medium.otf"; sourceTree = "<group>"; };
		8AAB8EB12469865A006C8244 /* DiscussionViewController.swift */ = {isa = PBXFileReference; lastKnownFileType = sourcecode.swift; path = DiscussionViewController.swift; sourceTree = "<group>"; };
		8AAB8EBA246993E1006C8244 /* Constant.swift */ = {isa = PBXFileReference; lastKnownFileType = sourcecode.swift; path = Constant.swift; sourceTree = "<group>"; };
		8AAB8EBC24699794006C8244 /* MessageViewController.swift */ = {isa = PBXFileReference; lastKnownFileType = sourcecode.swift; path = MessageViewController.swift; sourceTree = "<group>"; };
		8AAB8EC02469B6CF006C8244 /* MessageCell.swift */ = {isa = PBXFileReference; lastKnownFileType = sourcecode.swift; path = MessageCell.swift; sourceTree = "<group>"; };
		8AAB8EC3246A7DD5006C8244 /* Message.swift */ = {isa = PBXFileReference; lastKnownFileType = sourcecode.swift; path = Message.swift; sourceTree = SOURCE_ROOT; };
		8AAB8EC5246AD0F8006C8244 /* CreateDiscussionViewController.swift */ = {isa = PBXFileReference; lastKnownFileType = sourcecode.swift; path = CreateDiscussionViewController.swift; sourceTree = "<group>"; };
		8AAB8EC9246B2A93006C8244 /* Discussion.swift */ = {isa = PBXFileReference; lastKnownFileType = sourcecode.swift; name = Discussion.swift; path = iMessage/Controller/Discussion.swift; sourceTree = SOURCE_ROOT; };
		8AABA0C724897ED6005B434B /* AuthMethod.swift */ = {isa = PBXFileReference; lastKnownFileType = sourcecode.swift; name = AuthMethod.swift; path = iMessage/LogScreen/AuthMethod.swift; sourceTree = SOURCE_ROOT; };
		8AABA0C924898017005B434B /* LogState.swift */ = {isa = PBXFileReference; lastKnownFileType = sourcecode.swift; path = LogState.swift; sourceTree = "<group>"; };
		8AABA0CB2489805F005B434B /* LogManager.swift */ = {isa = PBXFileReference; lastKnownFileType = sourcecode.swift; path = LogManager.swift; sourceTree = "<group>"; };
		8AABA0CD248A723F005B434B /* DBState.swift */ = {isa = PBXFileReference; lastKnownFileType = sourcecode.swift; path = DBState.swift; sourceTree = "<group>"; };
		8AABA0CF248AA2DF005B434B /* UserManager.swift */ = {isa = PBXFileReference; lastKnownFileType = sourcecode.swift; path = UserManager.swift; sourceTree = "<group>"; };
		8AABA0D2248BC9BF005B434B /* LogoutManager.swift */ = {isa = PBXFileReference; lastKnownFileType = sourcecode.swift; path = LogoutManager.swift; sourceTree = "<group>"; };
		8AABA0D4248BCAB2005B434B /* DataManager.swift */ = {isa = PBXFileReference; lastKnownFileType = sourcecode.swift; path = DataManager.swift; sourceTree = "<group>"; };
		8AABA0D7248BDDB6005B434B /* UserServices.swift */ = {isa = PBXFileReference; lastKnownFileType = sourcecode.swift; path = UserServices.swift; sourceTree = "<group>"; };
		8AABA0D9248C0054005B434B /* MRBUser.swift */ = {isa = PBXFileReference; lastKnownFileType = sourcecode.swift; path = MRBUser.swift; sourceTree = "<group>"; };
		8AABA0DB248C0409005B434B /* UserCell.swift */ = {isa = PBXFileReference; lastKnownFileType = sourcecode.swift; path = UserCell.swift; sourceTree = "<group>"; };
		8AABA0E3248D500E005B434B /* UserCollectionViewCell.swift */ = {isa = PBXFileReference; lastKnownFileType = sourcecode.swift; path = UserCollectionViewCell.swift; sourceTree = "<group>"; };
		8AE6DE12248FE54D00C89654 /* UserList.swift */ = {isa = PBXFileReference; lastKnownFileType = sourcecode.swift; path = UserList.swift; sourceTree = "<group>"; };
		8AE6DE1524910E7600C89654 /* DiscussionServices.swift */ = {isa = PBXFileReference; lastKnownFileType = sourcecode.swift; path = DiscussionServices.swift; sourceTree = "<group>"; };
		8AE6DE3E2492632C00C89654 /* MessageManager.swift */ = {isa = PBXFileReference; lastKnownFileType = sourcecode.swift; path = MessageManager.swift; sourceTree = "<group>"; };
		A73DEE506D4F52A9E38DD814 /* Pods-iMessage.debug.xcconfig */ = {isa = PBXFileReference; includeInIndex = 1; lastKnownFileType = text.xcconfig; name = "Pods-iMessage.debug.xcconfig"; path = "Target Support Files/Pods-iMessage/Pods-iMessage.debug.xcconfig"; sourceTree = "<group>"; };
		E635801D04A6FFCE673A7FAA /* Pods_iMessage.framework */ = {isa = PBXFileReference; explicitFileType = wrapper.framework; includeInIndex = 0; path = Pods_iMessage.framework; sourceTree = BUILT_PRODUCTS_DIR; };
/* End PBXFileReference section */

/* Begin PBXFrameworksBuildPhase section */
		8A6915842461F10200616595 /* Frameworks */ = {
			isa = PBXFrameworksBuildPhase;
			buildActionMask = 2147483647;
			files = (
				935C07C8A12FBA38E05F1734 /* Pods_iMessage.framework in Frameworks */,
			);
			runOnlyForDeploymentPostprocessing = 0;
		};
/* End PBXFrameworksBuildPhase section */

/* Begin PBXGroup section */
		8A69157E2461F10200616595 = {
			isa = PBXGroup;
			children = (
				8A6915892461F10200616595 /* iMessage */,
				8A6915882461F10200616595 /* Products */,
				F6AD1E07736520C04D1A2875 /* Pods */,
				B6DDB67760E806B4B90EF783 /* Frameworks */,
			);
			sourceTree = "<group>";
		};
		8A6915882461F10200616595 /* Products */ = {
			isa = PBXGroup;
			children = (
				8A6915872461F10200616595 /* iMessage.app */,
			);
			name = Products;
			sourceTree = "<group>";
		};
		8A6915892461F10200616595 /* iMessage */ = {
			isa = PBXGroup;
			children = (
				8A69158A2461F10200616595 /* AppDelegate.swift */,
				8A69158C2461F10200616595 /* SceneDelegate.swift */,
				8A9DDDDA247FF94200745539 /* Lottie */,
				8AA618CB247D81780062CC93 /* Font */,
				8AA618AE247D7F3B0062CC93 /* LogScreen */,
				8A9DDDB2247E9DBD00745539 /* DiscussionScreen */,
				8A9DDDB4247E9E3000745539 /* MessageScreen */,
				8AAB8EB9246993CC006C8244 /* GlobalModel */,
				8AAB8EB8246993B1006C8244 /* View */,
				8A6915932461F10400616595 /* Assets.xcassets */,
				8A6915952461F10400616595 /* LaunchScreen.storyboard */,
				8A6915982461F10400616595 /* Info.plist */,
				8A69159E2461F19C00616595 /* GoogleService-Info.plist */,
			);
			path = iMessage;
			sourceTree = "<group>";
		};
		8A9DDDB2247E9DBD00745539 /* DiscussionScreen */ = {
			isa = PBXGroup;
			children = (
				8AABA0D6248BDD97005B434B /* Model */,
				8A9DDDE224825E7B00745539 /* Cell */,
				8A9DDDB3247E9DF700745539 /* Controller */,
			);
			path = DiscussionScreen;
			sourceTree = "<group>";
		};
		8A9DDDB3247E9DF700745539 /* Controller */ = {
			isa = PBXGroup;
			children = (
				8AAB8EB12469865A006C8244 /* DiscussionViewController.swift */,
				8AAB8EC5246AD0F8006C8244 /* CreateDiscussionViewController.swift */,
			);
			path = Controller;
			sourceTree = "<group>";
		};
		8A9DDDB4247E9E3000745539 /* MessageScreen */ = {
			isa = PBXGroup;
			children = (
				8AE6DE3D249262FC00C89654 /* Model */,
				8AAB8EC22469B6D6006C8244 /* Cell */,
				8A9DDDB5247E9E4200745539 /* Controller */,
			);
			path = MessageScreen;
			sourceTree = "<group>";
		};
		8A9DDDB5247E9E4200745539 /* Controller */ = {
			isa = PBXGroup;
			children = (
				8AAB8EBC24699794006C8244 /* MessageViewController.swift */,
			);
			path = Controller;
			sourceTree = "<group>";
		};
		8A9DDDDA247FF94200745539 /* Lottie */ = {
			isa = PBXGroup;
			children = (
				8A9DDDDB247FF95D00745539 /* loading.json */,
			);
			path = Lottie;
			sourceTree = "<group>";
		};
		8A9DDDDF2480F5AF00745539 /* LogView UI model */ = {
			isa = PBXGroup;
			children = (
				8AA618B5247D80050062CC93 /* MRBTextField.swift */,
				8AA618BA247D804C0062CC93 /* ScreenButton.swift */,
				8AA618BF247D80CE0062CC93 /* UIStackViewExt.swift */,
				8AA618C1247D80E30062CC93 /* CheckButton.swift */,
			);
			path = "LogView UI model";
			sourceTree = "<group>";
		};
		8A9DDDE224825E7B00745539 /* Cell */ = {
			isa = PBXGroup;
			children = (
				8A9DDDE324825EDA00745539 /* DiscussionCell.swift */,
				8AABA0DB248C0409005B434B /* UserCell.swift */,
				8AABA0E3248D500E005B434B /* UserCollectionViewCell.swift */,
			);
			path = Cell;
			sourceTree = "<group>";
		};
		8AA618AE247D7F3B0062CC93 /* LogScreen */ = {
			isa = PBXGroup;
			children = (
				8AA618B2247D7FC80062CC93 /* Model */,
				8AA618AF247D7F950062CC93 /* Controller */,
			);
			path = LogScreen;
			sourceTree = "<group>";
		};
		8AA618AF247D7F950062CC93 /* Controller */ = {
			isa = PBXGroup;
			children = (
				8AA618B0247D7FAC0062CC93 /* LogScreenViewController.swift */,
			);
			path = Controller;
			sourceTree = "<group>";
		};
		8AA618B2247D7FC80062CC93 /* Model */ = {
			isa = PBXGroup;
			children = (
				8AABA0CB2489805F005B434B /* LogManager.swift */,
				8AABA0C724897ED6005B434B /* AuthMethod.swift */,
				8AA618B3247D7FD90062CC93 /* LogView.swift */,
				8A9DDDDF2480F5AF00745539 /* LogView UI model */,
				8AA618C3247D80FD0062CC93 /* AppTitleLabel.swift */,
				8AA618C5247D81140062CC93 /* TopCurveView.swift */,
				8AA618C7247D812F0062CC93 /* BottomCurveView.swift */,
				8AABA0C924898017005B434B /* LogState.swift */,
			);
			path = Model;
			sourceTree = "<group>";
		};
		8AA618CB247D81780062CC93 /* Font */ = {
			isa = PBXGroup;
			children = (
				8AA618D2247D83950062CC93 /* SF-Pro-Rounded-Medium.otf */,
				8AA618CE247D81900062CC93 /* SF-Pro-Rounded-Semibold.otf */,
			);
			path = Font;
			sourceTree = "<group>";
		};
		8AAB8EB8246993B1006C8244 /* View */ = {
			isa = PBXGroup;
			children = (
				8A6915902461F10200616595 /* Main.storyboard */,
			);
			path = View;
			sourceTree = "<group>";
		};
		8AAB8EB9246993CC006C8244 /* GlobalModel */ = {
			isa = PBXGroup;
			children = (
				8AAB8EBA246993E1006C8244 /* Constant.swift */,
				8AAB8EC9246B2A93006C8244 /* Discussion.swift */,
				8AAB8EC3246A7DD5006C8244 /* Message.swift */,
				8A9DDDB6247E9EA300745539 /* DBCommunication.swift */,
				8AABA0D2248BC9BF005B434B /* LogoutManager.swift */,
				8AABA0CD248A723F005B434B /* DBState.swift */,
				8AABA0CF248AA2DF005B434B /* UserManager.swift */,
				8AABA0D4248BCAB2005B434B /* DataManager.swift */,
				8AABA0D9248C0054005B434B /* MRBUser.swift */,
			);
			path = GlobalModel;
			sourceTree = "<group>";
		};
		8AAB8EC22469B6D6006C8244 /* Cell */ = {
			isa = PBXGroup;
			children = (
				8AAB8EC02469B6CF006C8244 /* MessageCell.swift */,
			);
			path = Cell;
			sourceTree = "<group>";
		};
		8AABA0D6248BDD97005B434B /* Model */ = {
			isa = PBXGroup;
			children = (
				8AABA0D7248BDDB6005B434B /* UserServices.swift */,
				8AE6DE12248FE54D00C89654 /* UserList.swift */,
				8AE6DE1524910E7600C89654 /* DiscussionServices.swift */,
			);
			path = Model;
			sourceTree = "<group>";
		};
		8AE6DE3D249262FC00C89654 /* Model */ = {
			isa = PBXGroup;
			children = (
				8AE6DE3E2492632C00C89654 /* MessageManager.swift */,
			);
			path = Model;
			sourceTree = "<group>";
		};
		B6DDB67760E806B4B90EF783 /* Frameworks */ = {
			isa = PBXGroup;
			children = (
				E635801D04A6FFCE673A7FAA /* Pods_iMessage.framework */,
			);
			name = Frameworks;
			sourceTree = "<group>";
		};
		F6AD1E07736520C04D1A2875 /* Pods */ = {
			isa = PBXGroup;
			children = (
				A73DEE506D4F52A9E38DD814 /* Pods-iMessage.debug.xcconfig */,
				54683D6573A19763D4376029 /* Pods-iMessage.release.xcconfig */,
			);
			path = Pods;
			sourceTree = "<group>";
		};
/* End PBXGroup section */

/* Begin PBXNativeTarget section */
		8A6915862461F10200616595 /* iMessage */ = {
			isa = PBXNativeTarget;
			buildConfigurationList = 8A69159B2461F10400616595 /* Build configuration list for PBXNativeTarget "iMessage" */;
			buildPhases = (
				E6D685D5C9D2E89483B674F4 /* [CP] Check Pods Manifest.lock */,
				8A6915832461F10200616595 /* Sources */,
				8A6915842461F10200616595 /* Frameworks */,
				8A6915852461F10200616595 /* Resources */,
				8E163E8FE9792965FAC9A994 /* [CP] Embed Pods Frameworks */,
			);
			buildRules = (
			);
			dependencies = (
			);
			name = iMessage;
			packageProductDependencies = (
			);
			productName = iMessage;
			productReference = 8A6915872461F10200616595 /* iMessage.app */;
			productType = "com.apple.product-type.application";
		};
/* End PBXNativeTarget section */

/* Begin PBXProject section */
		8A69157F2461F10200616595 /* Project object */ = {
			isa = PBXProject;
			attributes = {
				LastSwiftUpdateCheck = 1140;
				LastUpgradeCheck = 1140;
				ORGANIZATIONNAME = "Mael Romanin Bluteau";
				TargetAttributes = {
					8A6915862461F10200616595 = {
						CreatedOnToolsVersion = 11.4;
					};
				};
			};
			buildConfigurationList = 8A6915822461F10200616595 /* Build configuration list for PBXProject "iMessage" */;
			compatibilityVersion = "Xcode 9.3";
			developmentRegion = en;
			hasScannedForEncodings = 0;
			knownRegions = (
				en,
				Base,
			);
			mainGroup = 8A69157E2461F10200616595;
			packageReferences = (
			);
			productRefGroup = 8A6915882461F10200616595 /* Products */;
			projectDirPath = "";
			projectRoot = "";
			targets = (
				8A6915862461F10200616595 /* iMessage */,
			);
		};
/* End PBXProject section */

/* Begin PBXResourcesBuildPhase section */
		8A6915852461F10200616595 /* Resources */ = {
			isa = PBXResourcesBuildPhase;
			buildActionMask = 2147483647;
			files = (
				8A6915972461F10400616595 /* LaunchScreen.storyboard in Resources */,
				8AA618CF247D81900062CC93 /* SF-Pro-Rounded-Semibold.otf in Resources */,
				8A69159F2461F19C00616595 /* GoogleService-Info.plist in Resources */,
				8AA618D3247D83950062CC93 /* SF-Pro-Rounded-Medium.otf in Resources */,
				8A9DDDDC247FF95E00745539 /* loading.json in Resources */,
				8A6915942461F10400616595 /* Assets.xcassets in Resources */,
				8A6915922461F10200616595 /* Main.storyboard in Resources */,
			);
			runOnlyForDeploymentPostprocessing = 0;
		};
/* End PBXResourcesBuildPhase section */

/* Begin PBXShellScriptBuildPhase section */
		8E163E8FE9792965FAC9A994 /* [CP] Embed Pods Frameworks */ = {
			isa = PBXShellScriptBuildPhase;
			buildActionMask = 2147483647;
			files = (
			);
			inputFileListPaths = (
				"${PODS_ROOT}/Target Support Files/Pods-iMessage/Pods-iMessage-frameworks-${CONFIGURATION}-input-files.xcfilelist",
			);
			name = "[CP] Embed Pods Frameworks";
			outputFileListPaths = (
				"${PODS_ROOT}/Target Support Files/Pods-iMessage/Pods-iMessage-frameworks-${CONFIGURATION}-output-files.xcfilelist",
			);
			runOnlyForDeploymentPostprocessing = 0;
			shellPath = /bin/sh;
			shellScript = "\"${PODS_ROOT}/Target Support Files/Pods-iMessage/Pods-iMessage-frameworks.sh\"\n";
			showEnvVarsInLog = 0;
		};
		E6D685D5C9D2E89483B674F4 /* [CP] Check Pods Manifest.lock */ = {
			isa = PBXShellScriptBuildPhase;
			buildActionMask = 2147483647;
			files = (
			);
			inputFileListPaths = (
			);
			inputPaths = (
				"${PODS_PODFILE_DIR_PATH}/Podfile.lock",
				"${PODS_ROOT}/Manifest.lock",
			);
			name = "[CP] Check Pods Manifest.lock";
			outputFileListPaths = (
			);
			outputPaths = (
				"$(DERIVED_FILE_DIR)/Pods-iMessage-checkManifestLockResult.txt",
			);
			runOnlyForDeploymentPostprocessing = 0;
			shellPath = /bin/sh;
			shellScript = "diff \"${PODS_PODFILE_DIR_PATH}/Podfile.lock\" \"${PODS_ROOT}/Manifest.lock\" > /dev/null\nif [ $? != 0 ] ; then\n    # print error to STDERR\n    echo \"error: The sandbox is not in sync with the Podfile.lock. Run 'pod install' or update your CocoaPods installation.\" >&2\n    exit 1\nfi\n# This output is used by Xcode 'outputs' to avoid re-running this script phase.\necho \"SUCCESS\" > \"${SCRIPT_OUTPUT_FILE_0}\"\n";
			showEnvVarsInLog = 0;
		};
/* End PBXShellScriptBuildPhase section */

/* Begin PBXSourcesBuildPhase section */
		8A6915832461F10200616595 /* Sources */ = {
			isa = PBXSourcesBuildPhase;
			buildActionMask = 2147483647;
			files = (
				8AAB8EBB246993E1006C8244 /* Constant.swift in Sources */,
				8AABA0D3248BC9BF005B434B /* LogoutManager.swift in Sources */,
				8AABA0D8248BDDB6005B434B /* UserServices.swift in Sources */,
				8AA618B1247D7FAC0062CC93 /* LogScreenViewController.swift in Sources */,
				8AABA0CC2489805F005B434B /* LogManager.swift in Sources */,
				8AAB8EB22469865A006C8244 /* DiscussionViewController.swift in Sources */,
				8A9DDDE424825EDA00745539 /* DiscussionCell.swift in Sources */,
				8AAB8EC12469B6CF006C8244 /* MessageCell.swift in Sources */,
				8AABA0DD248C0409005B434B /* UserCell.swift in Sources */,
				8AA618C8247D812F0062CC93 /* BottomCurveView.swift in Sources */,
				8AABA0DA248C0054005B434B /* MRBUser.swift in Sources */,
				8AE6DE3F2492632C00C89654 /* MessageManager.swift in Sources */,
				8AAB8EBD24699794006C8244 /* MessageViewController.swift in Sources */,
				8AA618C4247D80FD0062CC93 /* AppTitleLabel.swift in Sources */,
				8AE6DE13248FE54D00C89654 /* UserList.swift in Sources */,
				8AABA0C824897ED6005B434B /* AuthMethod.swift in Sources */,
				8AA618B6247D80050062CC93 /* MRBTextField.swift in Sources */,
				8AAB8EC6246AD0F8006C8244 /* CreateDiscussionViewController.swift in Sources */,
				8AABA0E5248D500E005B434B /* UserCollectionViewCell.swift in Sources */,
				8AAB8EC4246A7DD5006C8244 /* Message.swift in Sources */,
				8AA618C6247D81140062CC93 /* TopCurveView.swift in Sources */,
				8AA618C2247D80E30062CC93 /* CheckButton.swift in Sources */,
				8AABA0CE248A723F005B434B /* DBState.swift in Sources */,
				8AABA0D0248AA2DF005B434B /* UserManager.swift in Sources */,
				8AAB8ECA246B2A93006C8244 /* Discussion.swift in Sources */,
				8AA618C0247D80CE0062CC93 /* UIStackViewExt.swift in Sources */,
				8A69158B2461F10200616595 /* AppDelegate.swift in Sources */,
				8AE6DE1624910E7600C89654 /* DiscussionServices.swift in Sources */,
				8AA618B4247D7FD90062CC93 /* LogView.swift in Sources */,
				8AABA0CA24898017005B434B /* LogState.swift in Sources */,
				8A9DDDB7247E9EA300745539 /* DBCommunication.swift in Sources */,
				8AA618BB247D804C0062CC93 /* ScreenButton.swift in Sources */,
				8AABA0D5248BCAB2005B434B /* DataManager.swift in Sources */,
				8A69158D2461F10200616595 /* SceneDelegate.swift in Sources */,
			);
			runOnlyForDeploymentPostprocessing = 0;
		};
/* End PBXSourcesBuildPhase section */

/* Begin PBXVariantGroup section */
		8A6915902461F10200616595 /* Main.storyboard */ = {
			isa = PBXVariantGroup;
			children = (
				8A6915912461F10200616595 /* Base */,
			);
			name = Main.storyboard;
			sourceTree = "<group>";
		};
		8A6915952461F10400616595 /* LaunchScreen.storyboard */ = {
			isa = PBXVariantGroup;
			children = (
				8A6915962461F10400616595 /* Base */,
			);
			name = LaunchScreen.storyboard;
			sourceTree = "<group>";
		};
/* End PBXVariantGroup section */

/* Begin XCBuildConfiguration section */
		8A6915992461F10400616595 /* Debug */ = {
			isa = XCBuildConfiguration;
			buildSettings = {
				ALWAYS_SEARCH_USER_PATHS = NO;
				CLANG_ANALYZER_NONNULL = YES;
				CLANG_ANALYZER_NUMBER_OBJECT_CONVERSION = YES_AGGRESSIVE;
				CLANG_CXX_LANGUAGE_STANDARD = "gnu++14";
				CLANG_CXX_LIBRARY = "libc++";
				CLANG_ENABLE_MODULES = YES;
				CLANG_ENABLE_OBJC_ARC = YES;
				CLANG_ENABLE_OBJC_WEAK = YES;
				CLANG_WARN_BLOCK_CAPTURE_AUTORELEASING = YES;
				CLANG_WARN_BOOL_CONVERSION = YES;
				CLANG_WARN_COMMA = YES;
				CLANG_WARN_CONSTANT_CONVERSION = YES;
				CLANG_WARN_DEPRECATED_OBJC_IMPLEMENTATIONS = YES;
				CLANG_WARN_DIRECT_OBJC_ISA_USAGE = YES_ERROR;
				CLANG_WARN_DOCUMENTATION_COMMENTS = YES;
				CLANG_WARN_EMPTY_BODY = YES;
				CLANG_WARN_ENUM_CONVERSION = YES;
				CLANG_WARN_INFINITE_RECURSION = YES;
				CLANG_WARN_INT_CONVERSION = YES;
				CLANG_WARN_NON_LITERAL_NULL_CONVERSION = YES;
				CLANG_WARN_OBJC_IMPLICIT_RETAIN_SELF = YES;
				CLANG_WARN_OBJC_LITERAL_CONVERSION = YES;
				CLANG_WARN_OBJC_ROOT_CLASS = YES_ERROR;
				CLANG_WARN_RANGE_LOOP_ANALYSIS = YES;
				CLANG_WARN_STRICT_PROTOTYPES = YES;
				CLANG_WARN_SUSPICIOUS_MOVE = YES;
				CLANG_WARN_UNGUARDED_AVAILABILITY = YES_AGGRESSIVE;
				CLANG_WARN_UNREACHABLE_CODE = YES;
				CLANG_WARN__DUPLICATE_METHOD_MATCH = YES;
				COPY_PHASE_STRIP = NO;
				DEBUG_INFORMATION_FORMAT = dwarf;
				ENABLE_STRICT_OBJC_MSGSEND = YES;
				ENABLE_TESTABILITY = YES;
				GCC_C_LANGUAGE_STANDARD = gnu11;
				GCC_DYNAMIC_NO_PIC = NO;
				GCC_NO_COMMON_BLOCKS = YES;
				GCC_OPTIMIZATION_LEVEL = 0;
				GCC_PREPROCESSOR_DEFINITIONS = (
					"DEBUG=1",
					"$(inherited)",
				);
				GCC_WARN_64_TO_32_BIT_CONVERSION = YES;
				GCC_WARN_ABOUT_RETURN_TYPE = YES_ERROR;
				GCC_WARN_UNDECLARED_SELECTOR = YES;
				GCC_WARN_UNINITIALIZED_AUTOS = YES_AGGRESSIVE;
				GCC_WARN_UNUSED_FUNCTION = YES;
				GCC_WARN_UNUSED_VARIABLE = YES;
				IPHONEOS_DEPLOYMENT_TARGET = 13.4;
				MTL_ENABLE_DEBUG_INFO = INCLUDE_SOURCE;
				MTL_FAST_MATH = YES;
				ONLY_ACTIVE_ARCH = YES;
				SDKROOT = iphoneos;
				SWIFT_ACTIVE_COMPILATION_CONDITIONS = DEBUG;
				SWIFT_ENABLE_BATCH_MODE = NO;
				SWIFT_OPTIMIZATION_LEVEL = "-Onone";
			};
			name = Debug;
		};
		8A69159A2461F10400616595 /* Release */ = {
			isa = XCBuildConfiguration;
			buildSettings = {
				ALWAYS_SEARCH_USER_PATHS = NO;
				CLANG_ANALYZER_NONNULL = YES;
				CLANG_ANALYZER_NUMBER_OBJECT_CONVERSION = YES_AGGRESSIVE;
				CLANG_CXX_LANGUAGE_STANDARD = "gnu++14";
				CLANG_CXX_LIBRARY = "libc++";
				CLANG_ENABLE_MODULES = YES;
				CLANG_ENABLE_OBJC_ARC = YES;
				CLANG_ENABLE_OBJC_WEAK = YES;
				CLANG_WARN_BLOCK_CAPTURE_AUTORELEASING = YES;
				CLANG_WARN_BOOL_CONVERSION = YES;
				CLANG_WARN_COMMA = YES;
				CLANG_WARN_CONSTANT_CONVERSION = YES;
				CLANG_WARN_DEPRECATED_OBJC_IMPLEMENTATIONS = YES;
				CLANG_WARN_DIRECT_OBJC_ISA_USAGE = YES_ERROR;
				CLANG_WARN_DOCUMENTATION_COMMENTS = YES;
				CLANG_WARN_EMPTY_BODY = YES;
				CLANG_WARN_ENUM_CONVERSION = YES;
				CLANG_WARN_INFINITE_RECURSION = YES;
				CLANG_WARN_INT_CONVERSION = YES;
				CLANG_WARN_NON_LITERAL_NULL_CONVERSION = YES;
				CLANG_WARN_OBJC_IMPLICIT_RETAIN_SELF = YES;
				CLANG_WARN_OBJC_LITERAL_CONVERSION = YES;
				CLANG_WARN_OBJC_ROOT_CLASS = YES_ERROR;
				CLANG_WARN_RANGE_LOOP_ANALYSIS = YES;
				CLANG_WARN_STRICT_PROTOTYPES = YES;
				CLANG_WARN_SUSPICIOUS_MOVE = YES;
				CLANG_WARN_UNGUARDED_AVAILABILITY = YES_AGGRESSIVE;
				CLANG_WARN_UNREACHABLE_CODE = YES;
				CLANG_WARN__DUPLICATE_METHOD_MATCH = YES;
				COPY_PHASE_STRIP = NO;
				DEBUG_INFORMATION_FORMAT = "dwarf-with-dsym";
				ENABLE_NS_ASSERTIONS = NO;
				ENABLE_STRICT_OBJC_MSGSEND = YES;
				GCC_C_LANGUAGE_STANDARD = gnu11;
				GCC_NO_COMMON_BLOCKS = YES;
				GCC_WARN_64_TO_32_BIT_CONVERSION = YES;
				GCC_WARN_ABOUT_RETURN_TYPE = YES_ERROR;
				GCC_WARN_UNDECLARED_SELECTOR = YES;
				GCC_WARN_UNINITIALIZED_AUTOS = YES_AGGRESSIVE;
				GCC_WARN_UNUSED_FUNCTION = YES;
				GCC_WARN_UNUSED_VARIABLE = YES;
				IPHONEOS_DEPLOYMENT_TARGET = 13.4;
				MTL_ENABLE_DEBUG_INFO = NO;
				MTL_FAST_MATH = YES;
				SDKROOT = iphoneos;
				SWIFT_COMPILATION_MODE = wholemodule;
				SWIFT_ENABLE_BATCH_MODE = NO;
				SWIFT_OPTIMIZATION_LEVEL = "-O";
				VALIDATE_PRODUCT = YES;
			};
			name = Release;
		};
		8A69159C2461F10400616595 /* Debug */ = {
			isa = XCBuildConfiguration;
			baseConfigurationReference = A73DEE506D4F52A9E38DD814 /* Pods-iMessage.debug.xcconfig */;
			buildSettings = {
				ASSETCATALOG_COMPILER_APPICON_NAME = AppIcon;
				CODE_SIGN_STYLE = Automatic;
				DEVELOPMENT_TEAM = WY266AH6T6;
				INFOPLIST_FILE = iMessage/Info.plist;
				LD_RUNPATH_SEARCH_PATHS = (
					"$(inherited)",
					"@executable_path/Frameworks",
				);
				PRODUCT_BUNDLE_IDENTIFIER = com.MRB.iMessage;
				PRODUCT_NAME = "$(TARGET_NAME)";
				SWIFT_VERSION = 5.0;
				TARGETED_DEVICE_FAMILY = "1,2";
			};
			name = Debug;
		};
		8A69159D2461F10400616595 /* Release */ = {
			isa = XCBuildConfiguration;
			baseConfigurationReference = 54683D6573A19763D4376029 /* Pods-iMessage.release.xcconfig */;
			buildSettings = {
				ASSETCATALOG_COMPILER_APPICON_NAME = AppIcon;
				CODE_SIGN_STYLE = Automatic;
				DEVELOPMENT_TEAM = WY266AH6T6;
				INFOPLIST_FILE = iMessage/Info.plist;
				LD_RUNPATH_SEARCH_PATHS = (
					"$(inherited)",
					"@executable_path/Frameworks",
				);
				PRODUCT_BUNDLE_IDENTIFIER = com.MRB.iMessage;
				PRODUCT_NAME = "$(TARGET_NAME)";
				SWIFT_VERSION = 5.0;
				TARGETED_DEVICE_FAMILY = "1,2";
			};
			name = Release;
		};
/* End XCBuildConfiguration section */

/* Begin XCConfigurationList section */
		8A6915822461F10200616595 /* Build configuration list for PBXProject "iMessage" */ = {
			isa = XCConfigurationList;
			buildConfigurations = (
				8A6915992461F10400616595 /* Debug */,
				8A69159A2461F10400616595 /* Release */,
			);
			defaultConfigurationIsVisible = 0;
			defaultConfigurationName = Release;
		};
		8A69159B2461F10400616595 /* Build configuration list for PBXNativeTarget "iMessage" */ = {
			isa = XCConfigurationList;
			buildConfigurations = (
				8A69159C2461F10400616595 /* Debug */,
				8A69159D2461F10400616595 /* Release */,
			);
			defaultConfigurationIsVisible = 0;
			defaultConfigurationName = Release;
		};
/* End XCConfigurationList section */
	};
	rootObject = 8A69157F2461F10200616595 /* Project object */;
}
